
Microsoft Visual Studio Solution File, Format Version 12.00
# Visual Studio Version 16
VisualStudioVersion = 16.0.29709.97
MinimumVisualStudioVersion = 10.0.40219.1
Project("{9A19103F-16F7-4668-BE54-9A1E7A4F7556}") = "Coverter Dirter", "Coverter Dirter.csproj", "{BD743BB8-D7E1-498A-AF76-E4E920AD8E9D}"
EndProject
Project("{9A19103F-16F7-4668-BE54-9A1E7A4F7556}") = "Converter Dirter v1", "..\Converter Dirter v1\Converter Dirter v1.csproj", "{388BD155-9D91-45A8-8219-F3F6F369C85A}"

EndProject
Global
	GlobalSection(SolutionConfigurationPlatforms) = preSolution
		Debug|Any CPU = Debug|Any CPU
		Release|Any CPU = Release|Any CPU
	EndGlobalSection
	GlobalSection(ProjectConfigurationPlatforms) = postSolution
		{BD743BB8-D7E1-498A-AF76-E4E920AD8E9D}.Debug|Any CPU.ActiveCfg = Debug|Any CPU
		{BD743BB8-D7E1-498A-AF76-E4E920AD8E9D}.Debug|Any CPU.Build.0 = Debug|Any CPU
		{BD743BB8-D7E1-498A-AF76-E4E920AD8E9D}.Release|Any CPU.ActiveCfg = Release|Any CPU
		{BD743BB8-D7E1-498A-AF76-E4E920AD8E9D}.Release|Any CPU.Build.0 = Release|Any CPU
		{388BD155-9D91-45A8-8219-F3F6F369C85A}.Debug|Any CPU.ActiveCfg = Debug|Any CPU
		{388BD155-9D91-45A8-8219-F3F6F369C85A}.Debug|Any CPU.Build.0 = Debug|Any CPU
		{388BD155-9D91-45A8-8219-F3F6F369C85A}.Release|Any CPU.ActiveCfg = Release|Any CPU
		{388BD155-9D91-45A8-8219-F3F6F369C85A}.Release|Any CPU.Build.0 = Release|Any CPU
		{4953BFA9-810B-4E1F-AA58-AF2E803B66E9}.Debug|Any CPU.ActiveCfg = Debug|Any CPU
		{4953BFA9-810B-4E1F-AA58-AF2E803B66E9}.Debug|Any CPU.Build.0 = Debug|Any CPU
		{4953BFA9-810B-4E1F-AA58-AF2E803B66E9}.Release|Any CPU.ActiveCfg = Release|Any CPU
		{4953BFA9-810B-4E1F-AA58-AF2E803B66E9}.Release|Any CPU.Build.0 = Release|Any CPU
	EndGlobalSection
	GlobalSection(SolutionProperties) = preSolution
		HideSolutionNode = FALSE
	EndGlobalSection
	GlobalSection(ExtensibilityGlobals) = postSolution
		SolutionGuid = {14D3B944-04FD-4A2C-9638-FCE0333A1378}
	EndGlobalSection
EndGlobal
