
Microsoft Visual Studio Solution File, Format Version 12.00
# Visual Studio Version 16
VisualStudioVersion = 16.0.29519.87
MinimumVisualStudioVersion = 10.0.40219.1
Project("{FAE04EC0-301F-11D3-BF4B-00C04F79EFBC}") = "TankStation", "TankStation\TankStation.csproj", "{BB61FAFE-CD38-4D6A-91CB-4B617979D0CC}"
EndProject
Global
	GlobalSection(SolutionConfigurationPlatforms) = preSolution
		Debug|Any CPU = Debug|Any CPU
		Release|Any CPU = Release|Any CPU
	EndGlobalSection
	GlobalSection(ProjectConfigurationPlatforms) = postSolution
		{BB61FAFE-CD38-4D6A-91CB-4B617979D0CC}.Debug|Any CPU.ActiveCfg = Debug|Any CPU
		{BB61FAFE-CD38-4D6A-91CB-4B617979D0CC}.Debug|Any CPU.Build.0 = Debug|Any CPU
		{BB61FAFE-CD38-4D6A-91CB-4B617979D0CC}.Release|Any CPU.ActiveCfg = Release|Any CPU
		{BB61FAFE-CD38-4D6A-91CB-4B617979D0CC}.Release|Any CPU.Build.0 = Release|Any CPU
	EndGlobalSection
	GlobalSection(SolutionProperties) = preSolution
		HideSolutionNode = FALSE
	EndGlobalSection
	GlobalSection(ExtensibilityGlobals) = postSolution
		SolutionGuid = {95DC6189-DE0E-4FA5-A7E3-098758A91FEF}
	EndGlobalSection
EndGlobal
